
Microsoft Visual Studio Solution File, Format Version 12.00
# Visual Studio Version 16
VisualStudioVersion = 16.0.30621.155
MinimumVisualStudioVersion = 10.0.40219.1
Project("{FAE04EC0-301F-11D3-BF4B-00C04F79EFBC}") = "hafta7", "hafta7\hafta7.csproj", "{B897D147-2384-4BFC-893B-2B2532AC7EAE}"
EndProject
Project("{FAE04EC0-301F-11D3-BF4B-00C04F79EFBC}") = "ClassLibrary1", "ClassLibrary1\ClassLibrary1.csproj", "{B674C463-7CC9-49C8-81EC-FAC50292ED39}"
EndProject
Global
	GlobalSection(SolutionConfigurationPlatforms) = preSolution
		Debug|Any CPU = Debug|Any CPU
		Release|Any CPU = Release|Any CPU
	EndGlobalSection
	GlobalSection(ProjectConfigurationPlatforms) = postSolution
		{B897D147-2384-4BFC-893B-2B2532AC7EAE}.Debug|Any CPU.ActiveCfg = Debug|Any CPU
		{B897D147-2384-4BFC-893B-2B2532AC7EAE}.Debug|Any CPU.Build.0 = Debug|Any CPU
		{B897D147-2384-4BFC-893B-2B2532AC7EAE}.Release|Any CPU.ActiveCfg = Release|Any CPU
		{B897D147-2384-4BFC-893B-2B2532AC7EAE}.Release|Any CPU.Build.0 = Release|Any CPU
		{B674C463-7CC9-49C8-81EC-FAC50292ED39}.Debug|Any CPU.ActiveCfg = Debug|Any CPU
		{B674C463-7CC9-49C8-81EC-FAC50292ED39}.Debug|Any CPU.Build.0 = Debug|Any CPU
		{B674C463-7CC9-49C8-81EC-FAC50292ED39}.Release|Any CPU.ActiveCfg = Release|Any CPU
		{B674C463-7CC9-49C8-81EC-FAC50292ED39}.Release|Any CPU.Build.0 = Release|Any CPU
	EndGlobalSection
	GlobalSection(SolutionProperties) = preSolution
		HideSolutionNode = FALSE
	EndGlobalSection
	GlobalSection(ExtensibilityGlobals) = postSolution
		SolutionGuid = {B14FB773-9E6B-421E-A058-A498688AB0F1}
	EndGlobalSection
EndGlobal
